
Microsoft Visual Studio Solution File, Format Version 12.00
# Visual Studio Version 16
VisualStudioVersion = 16.0.32106.194
MinimumVisualStudioVersion = 10.0.40219.1
Project("{FAE04EC0-301F-11D3-BF4B-00C04F79EFBC}") = "AlgorithmCourse", "AlgorithmCourse\AlgorithmCourse.csproj", "{9FB2DFD3-931C-410F-91A0-338D92CE49CC}"
EndProject
Global
	GlobalSection(SolutionConfigurationPlatforms) = preSolution
		Debug|Any CPU = Debug|Any CPU
		Release|Any CPU = Release|Any CPU
	EndGlobalSection
	GlobalSection(ProjectConfigurationPlatforms) = postSolution
		{9FB2DFD3-931C-410F-91A0-338D92CE49CC}.Debug|Any CPU.ActiveCfg = Debug|Any CPU
		{9FB2DFD3-931C-410F-91A0-338D92CE49CC}.Debug|Any CPU.Build.0 = Debug|Any CPU
		{9FB2DFD3-931C-410F-91A0-338D92CE49CC}.Release|Any CPU.ActiveCfg = Release|Any CPU
		{9FB2DFD3-931C-410F-91A0-338D92CE49CC}.Release|Any CPU.Build.0 = Release|Any CPU
	EndGlobalSection
	GlobalSection(SolutionProperties) = preSolution
		HideSolutionNode = FALSE
	EndGlobalSection
	GlobalSection(ExtensibilityGlobals) = postSolution
		SolutionGuid = {72E2DB75-394F-4D62-AC12-414A9E4FC94E}
	EndGlobalSection
EndGlobal
